# THIS IS AN AUTOGENERATED FILE. DO NOT EDIT THIS FILE DIRECTLY.
# yarn lockfile v1


http-status-codes@^2.1.4:
  version "2.1.4"
  resolved "https://registry.navercorp.com:443/api/npm/npm-naver/http-status-codes/-/http-status-codes-2.1.4.tgz#453d99b4bd9424254c4f6a9a3a03715923052798"
  integrity sha1-RT2ZtL2UJCVMT2qaOgNxWSMFJ5g=
